{
  "name": "start-to-gulp",
  "version": "0.1.0",
  "lockfileVersion": 1,
  "requires": true,
  "dependencies": {
    "chrome-extension": {
      "version": "0.0.1",
      "resolved": "https://registry.npmjs.org/chrome-extension/-/chrome-extension-0.0.1.tgz",
      "integrity": "sha1-uXaXE5+rF+P2xUnMuRVTIM2BWP4="
    }
  }
}
